Microsoft Visual Studio Solution File, Format Version 12.00
# Visual Studio 2012
Project("{FAE04EC0-301F-11D3-BF4B-00C04F79EFBC}") = "alchemist", "alchemist.csproj", "{65C2B0A2-6FFF-48C2-AEAB-8728DE96F9EA}"
EndProject
Global
	GlobalSection(SolutionConfigurationPlatforms) = preSolution
	Debug|Any CPU = Debug|Any CPU
	ExportDebug|Any CPU = ExportDebug|Any CPU
	ExportRelease|Any CPU = ExportRelease|Any CPU
	EndGlobalSection
	GlobalSection(ProjectConfigurationPlatforms) = postSolution
		{65C2B0A2-6FFF-48C2-AEAB-8728DE96F9EA}.Debug|Any CPU.ActiveCfg = Debug|Any CPU
		{65C2B0A2-6FFF-48C2-AEAB-8728DE96F9EA}.Debug|Any CPU.Build.0 = Debug|Any CPU
		{65C2B0A2-6FFF-48C2-AEAB-8728DE96F9EA}.ExportDebug|Any CPU.ActiveCfg = ExportDebug|Any CPU
		{65C2B0A2-6FFF-48C2-AEAB-8728DE96F9EA}.ExportDebug|Any CPU.Build.0 = ExportDebug|Any CPU
		{65C2B0A2-6FFF-48C2-AEAB-8728DE96F9EA}.ExportRelease|Any CPU.ActiveCfg = ExportRelease|Any CPU
		{65C2B0A2-6FFF-48C2-AEAB-8728DE96F9EA}.ExportRelease|Any CPU.Build.0 = ExportRelease|Any CPU
	EndGlobalSection
EndGlobal
